
Microsoft Visual Studio Solution File, Format Version 12.00
# Visual Studio Version 16
VisualStudioVersion = 16.0.30309.148
MinimumVisualStudioVersion = 10.0.40219.1
Project("{FAE04EC0-301F-11D3-BF4B-00C04F79EFBC}") = "CTournament", "CTournament\CTournament.csproj", "{218E700D-46CD-477C-BE68-06013781F0FF}"
EndProject
Global
	GlobalSection(SolutionConfigurationPlatforms) = preSolution
		Debug|Any CPU = Debug|Any CPU
		Release|Any CPU = Release|Any CPU
	EndGlobalSection
	GlobalSection(ProjectConfigurationPlatforms) = postSolution
		{218E700D-46CD-477C-BE68-06013781F0FF}.Debug|Any CPU.ActiveCfg = Debug|Any CPU
		{218E700D-46CD-477C-BE68-06013781F0FF}.Debug|Any CPU.Build.0 = Debug|Any CPU
		{218E700D-46CD-477C-BE68-06013781F0FF}.Release|Any CPU.ActiveCfg = Release|Any CPU
		{218E700D-46CD-477C-BE68-06013781F0FF}.Release|Any CPU.Build.0 = Release|Any CPU
	EndGlobalSection
	GlobalSection(SolutionProperties) = preSolution
		HideSolutionNode = FALSE
	EndGlobalSection
	GlobalSection(ExtensibilityGlobals) = postSolution
		SolutionGuid = {45C35980-29A9-4A10-9D5E-8BA59980E662}
	EndGlobalSection
EndGlobal
